
Microsoft Visual Studio Solution File, Format Version 12.00
# Visual Studio Version 17
VisualStudioVersion = 17.5.002.0
MinimumVisualStudioVersion = 10.0.40219.1
Project("{9A19103F-16F7-4668-BE54-9A1E7A4F7556}") = "api", "api\api.csproj", "{CE17C9A5-C20A-4699-84E6-06741A26FDCD}"
EndProject
Global
	GlobalSection(SolutionConfigurationPlatforms) = preSolution
		Debug|Any CPU = Debug|Any CPU
		Release|Any CPU = Release|Any CPU
	EndGlobalSection
	GlobalSection(ProjectConfigurationPlatforms) = postSolution
		{CE17C9A5-C20A-4699-84E6-06741A26FDCD}.Debug|Any CPU.ActiveCfg = Debug|Any CPU
		{CE17C9A5-C20A-4699-84E6-06741A26FDCD}.Debug|Any CPU.Build.0 = Debug|Any CPU
		{CE17C9A5-C20A-4699-84E6-06741A26FDCD}.Release|Any CPU.ActiveCfg = Release|Any CPU
		{CE17C9A5-C20A-4699-84E6-06741A26FDCD}.Release|Any CPU.Build.0 = Release|Any CPU
	EndGlobalSection
	GlobalSection(SolutionProperties) = preSolution
		HideSolutionNode = FALSE
	EndGlobalSection
	GlobalSection(ExtensibilityGlobals) = postSolution
		SolutionGuid = {ABBCC161-4351-4489-A62B-E7AECE1C1417}
	EndGlobalSection
EndGlobal
